{
  "name": "@tea001/my-teatest002-datetime",
  "version": "1.0.0",
  "lockfileVersion": 3,
  "requires": true,
  "packages": {
    "": {
      "name": "@tea001/my-teatest002-datetime",
      "version": "1.0.0",
      "license": "ISC",
      "dependencies": {
        "@tea001/my-teatest002-datetime": "^1.0.0"
      }
    },
    "node_modules/@tea001/my-teatest002-datetime": {
      "version": "1.0.0",
      "resolved": "https://registry.npmjs.org/@tea001/my-teatest002-datetime/-/my-teatest002-datetime-1.0.0.tgz",
      "integrity": "sha512-JlKVRj7MKy4t4NLOQxR2N5yCoZGqwAXO06JFpWjtg1K+fXUtKQSgCU5g99lgBduuY2n1GHcItwfxnZ8knug/pg=="
    }
  }
}
